
Microsoft Visual Studio Solution File, Format Version 12.00
# Visual Studio Version 16
VisualStudioVersion = 16.0.31702.278
MinimumVisualStudioVersion = 10.0.40219.1
Project("{FAE04EC0-301F-11D3-BF4B-00C04F79EFBC}") = "JoshuaAllison_TermProject", "JoshuaAllison_TermProject.csproj", "{00CC2600-050A-43D7-8BE2-A03E69761B20}"
EndProject
Project("{FAE04EC0-301F-11D3-BF4B-00C04F79EFBC}") = "JoshuaAllison_TermProject_Tests", "..\JoshuaAllison_TermProject_Tests\JoshuaAllison_TermProject_Tests.csproj", "{EA8788C9-E492-400C-91FA-2F73B9E42043}"
EndProject
Global
	GlobalSection(SolutionConfigurationPlatforms) = preSolution
		Debug|Any CPU = Debug|Any CPU
		Release|Any CPU = Release|Any CPU
	EndGlobalSection
	GlobalSection(ProjectConfigurationPlatforms) = postSolution
		{00CC2600-050A-43D7-8BE2-A03E69761B20}.Debug|Any CPU.ActiveCfg = Debug|Any CPU
		{00CC2600-050A-43D7-8BE2-A03E69761B20}.Debug|Any CPU.Build.0 = Debug|Any CPU
		{00CC2600-050A-43D7-8BE2-A03E69761B20}.Release|Any CPU.ActiveCfg = Release|Any CPU
		{00CC2600-050A-43D7-8BE2-A03E69761B20}.Release|Any CPU.Build.0 = Release|Any CPU
		{EA8788C9-E492-400C-91FA-2F73B9E42043}.Debug|Any CPU.ActiveCfg = Debug|Any CPU
		{EA8788C9-E492-400C-91FA-2F73B9E42043}.Debug|Any CPU.Build.0 = Debug|Any CPU
		{EA8788C9-E492-400C-91FA-2F73B9E42043}.Release|Any CPU.ActiveCfg = Release|Any CPU
		{EA8788C9-E492-400C-91FA-2F73B9E42043}.Release|Any CPU.Build.0 = Release|Any CPU
	EndGlobalSection
	GlobalSection(SolutionProperties) = preSolution
		HideSolutionNode = FALSE
	EndGlobalSection
	GlobalSection(ExtensibilityGlobals) = postSolution
		SolutionGuid = {D3755D2C-6BB9-4B33-8D58-32D2F2DE7B40}
	EndGlobalSection
EndGlobal
